// !$*UTF8*$!
{
	archiveVersion = 1;
	classes = {
	};
	objectVersion = 46;
	objects = {

/* Begin PBXBuildFile section */
		2409FE9616915DA200071542 /* Timer.cpp in Sources */ = {isa = PBXBuildFile; fileRef = 2409FE9416915DA200071542 /* Timer.cpp */; };
		2409FEA21691FAFF00071542 /* Ball.cpp in Sources */ = {isa = PBXBuildFile; fileRef = 2409FEA01691FAFF00071542 /* Ball.cpp */; };
		2409FEA41691FE8700071542 /* Ball.png in Resources */ = {isa = PBXBuildFile; fileRef = 2409FEA31691FE8700071542 /* Ball.png */; };
		2409FEA51691FEB500071542 /* Ball.png in CopyFiles */ = {isa = PBXBuildFile; fileRef = 2409FEA31691FE8700071542 /* Ball.png */; };
		2409FEA7169247BA00071542 /* arial.ttf in Resources */ = {isa = PBXBuildFile; fileRef = 2409FEA6169247BA00071542 /* arial.ttf */; };
		2409FEAB16924ACF00071542 /* SDL_ttf.framework in Frameworks */ = {isa = PBXBuildFile; fileRef = 2409FEAA16924ACF00071542 /* SDL_ttf.framework */; };
		2409FEAC16924ADE00071542 /* SDL_ttf.framework in CopyFiles */ = {isa = PBXBuildFile; fileRef = 2409FEAA16924ACF00071542 /* SDL_ttf.framework */; };
		2409FEAD16924BAC00071542 /* arial.ttf in CopyFiles */ = {isa = PBXBuildFile; fileRef = 2409FEA6169247BA00071542 /* arial.ttf */; };
		246949D5169DED1100140419 /* paddle_big.png in Resources */ = {isa = PBXBuildFile; fileRef = 246949D4169DED1100140419 /* paddle_big.png */; };
		246949D7169DED3100140419 /* paddle_big.png in CopyFiles */ = {isa = PBXBuildFile; fileRef = 246949D4169DED1100140419 /* paddle_big.png */; };
		24A4D7691690F174008B2237 /* Cocoa.framework in Frameworks */ = {isa = PBXBuildFile; fileRef = 24A4D7681690F174008B2237 /* Cocoa.framework */; };
		24A4D7731690F174008B2237 /* InfoPlist.strings in Resources */ = {isa = PBXBuildFile; fileRef = 24A4D7711690F174008B2237 /* InfoPlist.strings */; };
		24A4D7791690F174008B2237 /* Credits.rtf in Resources */ = {isa = PBXBuildFile; fileRef = 24A4D7771690F174008B2237 /* Credits.rtf */; };
		24A4D7871690F1AF008B2237 /* SDLMain.m in Sources */ = {isa = PBXBuildFile; fileRef = 24A4D7861690F1AF008B2237 /* SDLMain.m */; };
		24A4D78E1690F200008B2237 /* main.cpp in Sources */ = {isa = PBXBuildFile; fileRef = 24A4D78C1690F200008B2237 /* main.cpp */; };
		24A4D7911690F31F008B2237 /* SDL_image.framework in Frameworks */ = {isa = PBXBuildFile; fileRef = 24A4D78F1690F31F008B2237 /* SDL_image.framework */; };
		24A4D7921690F31F008B2237 /* SDL.framework in Frameworks */ = {isa = PBXBuildFile; fileRef = 24A4D7901690F31F008B2237 /* SDL.framework */; };
		24A4D7941690F331008B2237 /* SDL_image.framework in CopyFiles */ = {isa = PBXBuildFile; fileRef = 24A4D78F1690F31F008B2237 /* SDL_image.framework */; };
		24A4D7951690F331008B2237 /* SDL.framework in CopyFiles */ = {isa = PBXBuildFile; fileRef = 24A4D7901690F31F008B2237 /* SDL.framework */; };
		24A4D79A1690FF5A008B2237 /* Background.png in Resources */ = {isa = PBXBuildFile; fileRef = 24A4D7981690FF5A008B2237 /* Background.png */; };
		24A4D79B1690FF5A008B2237 /* Paddle.png in Resources */ = {isa = PBXBuildFile; fileRef = 24A4D7991690FF5A008B2237 /* Paddle.png */; };
		24A4D79D1690FFEA008B2237 /* Background.png in CopyFiles */ = {isa = PBXBuildFile; fileRef = 24A4D7981690FF5A008B2237 /* Background.png */; };
		24A4D79E1690FFEA008B2237 /* Paddle.png in CopyFiles */ = {isa = PBXBuildFile; fileRef = 24A4D7991690FF5A008B2237 /* Paddle.png */; };
		24A4D7A1169109F8008B2237 /* Paddle.cpp in Sources */ = {isa = PBXBuildFile; fileRef = 24A4D79F169109F8008B2237 /* Paddle.cpp */; };
/* End PBXBuildFile section */

/* Begin PBXCopyFilesBuildPhase section */
		24A4D7931690F322008B2237 /* CopyFiles */ = {
			isa = PBXCopyFilesBuildPhase;
			buildActionMask = 8;
			dstPath = "";
			dstSubfolderSpec = 10;
			files = (
				24A4D7941690F331008B2237 /* SDL_image.framework in CopyFiles */,
				24A4D7951690F331008B2237 /* SDL.framework in CopyFiles */,
				2409FEAC16924ADE00071542 /* SDL_ttf.framework in CopyFiles */,
			);
			runOnlyForDeploymentPostprocessing = 1;
		};
		24A4D79C1690FF64008B2237 /* CopyFiles */ = {
			isa = PBXCopyFilesBuildPhase;
			buildActionMask = 12;
			dstPath = "";
			dstSubfolderSpec = 16;
			files = (
				2409FEAD16924BAC00071542 /* arial.ttf in CopyFiles */,
				246949D7169DED3100140419 /* paddle_big.png in CopyFiles */,
				24A4D79D1690FFEA008B2237 /* Background.png in CopyFiles */,
				24A4D79E1690FFEA008B2237 /* Paddle.png in CopyFiles */,
				2409FEA51691FEB500071542 /* Ball.png in CopyFiles */,
			);
			runOnlyForDeploymentPostprocessing = 0;
		};
/* End PBXCopyFilesBuildPhase section */

/* Begin PBXFileReference section */
		2409FE9416915DA200071542 /* Timer.cpp */ = {isa = PBXFileReference; fileEncoding = 4; lastKnownFileType = sourcecode.cpp.cpp; path = Timer.cpp; sourceTree = "<group>"; };
		2409FE9516915DA200071542 /* Timer.h */ = {isa = PBXFileReference; fileEncoding = 4; lastKnownFileType = sourcecode.c.h; path = Timer.h; sourceTree = "<group>"; };
		2409FEA01691FAFF00071542 /* Ball.cpp */ = {isa = PBXFileReference; fileEncoding = 4; lastKnownFileType = sourcecode.cpp.cpp; path = Ball.cpp; sourceTree = "<group>"; };
		2409FEA11691FAFF00071542 /* Ball.h */ = {isa = PBXFileReference; fileEncoding = 4; lastKnownFileType = sourcecode.c.h; path = Ball.h; sourceTree = "<group>"; };
		2409FEA31691FE8700071542 /* Ball.png */ = {isa = PBXFileReference; lastKnownFileType = image.png; path = Ball.png; sourceTree = "<group>"; };
		2409FEA6169247BA00071542 /* arial.ttf */ = {isa = PBXFileReference; lastKnownFileType = file; path = arial.ttf; sourceTree = "<group>"; };
		2409FEAA16924ACF00071542 /* SDL_ttf.framework */ = {isa = PBXFileReference; lastKnownFileType = wrapper.framework; name = SDL_ttf.framework; path = ../../../../../../Library/Frameworks/SDL_ttf.framework; sourceTree = "<group>"; };
		246949D4169DED1100140419 /* paddle_big.png */ = {isa = PBXFileReference; lastKnownFileType = image.png; path = paddle_big.png; sourceTree = "<group>"; };
		246ABCD51694B4F3003595B7 /* Pong copy-Info.plist */ = {isa = PBXFileReference; lastKnownFileType = text.plist.xml; name = "Pong copy-Info.plist"; path = "/Users/Nik/Documents/Programming/C++/Pong/Pong copy-Info.plist"; sourceTree = "<absolute>"; };
		24A4D7641690F174008B2237 /* Pong.app */ = {isa = PBXFileReference; explicitFileType = wrapper.application; includeInIndex = 0; path = Pong.app; sourceTree = BUILT_PRODUCTS_DIR; };
		24A4D7681690F174008B2237 /* Cocoa.framework */ = {isa = PBXFileReference; lastKnownFileType = wrapper.framework; name = Cocoa.framework; path = System/Library/Frameworks/Cocoa.framework; sourceTree = SDKROOT; };
		24A4D76B1690F174008B2237 /* AppKit.framework */ = {isa = PBXFileReference; lastKnownFileType = wrapper.framework; name = AppKit.framework; path = System/Library/Frameworks/AppKit.framework; sourceTree = SDKROOT; };
		24A4D76C1690F174008B2237 /* CoreData.framework */ = {isa = PBXFileReference; lastKnownFileType = wrapper.framework; name = CoreData.framework; path = System/Library/Frameworks/CoreData.framework; sourceTree = SDKROOT; };
		24A4D76D1690F174008B2237 /* Foundation.framework */ = {isa = PBXFileReference; lastKnownFileType = wrapper.framework; name = Foundation.framework; path = System/Library/Frameworks/Foundation.framework; sourceTree = SDKROOT; };
		24A4D7701690F174008B2237 /* Pong-Info.plist */ = {isa = PBXFileReference; lastKnownFileType = text.plist.xml; path = "Pong-Info.plist"; sourceTree = "<group>"; };
		24A4D7721690F174008B2237 /* en */ = {isa = PBXFileReference; lastKnownFileType = text.plist.strings; name = en; path = en.lproj/InfoPlist.strings; sourceTree = "<group>"; };
		24A4D7761690F174008B2237 /* Pong-Prefix.pch */ = {isa = PBXFileReference; lastKnownFileType = sourcecode.c.h; path = "Pong-Prefix.pch"; sourceTree = "<group>"; };
		24A4D7781690F174008B2237 /* en */ = {isa = PBXFileReference; lastKnownFileType = text.rtf; name = en; path = en.lproj/Credits.rtf; sourceTree = "<group>"; };
		24A4D7851690F1AF008B2237 /* SDLMain.h */ = {isa = PBXFileReference; fileEncoding = 4; lastKnownFileType = sourcecode.c.h; path = SDLMain.h; sourceTree = "<group>"; };
		24A4D7861690F1AF008B2237 /* SDLMain.m */ = {isa = PBXFileReference; fileEncoding = 4; lastKnownFileType = sourcecode.c.objc; path = SDLMain.m; sourceTree = "<group>"; };
		24A4D78C1690F200008B2237 /* main.cpp */ = {isa = PBXFileReference; fileEncoding = 4; lastKnownFileType = sourcecode.cpp.cpp; path = main.cpp; sourceTree = "<group>"; };
		24A4D78D1690F200008B2237 /* main.h */ = {isa = PBXFileReference; fileEncoding = 4; lastKnownFileType = sourcecode.c.h; path = main.h; sourceTree = "<group>"; };
		24A4D78F1690F31F008B2237 /* SDL_image.framework */ = {isa = PBXFileReference; lastKnownFileType = wrapper.framework; name = SDL_image.framework; path = ../../../../../../Library/Frameworks/SDL_image.framework; sourceTree = "<group>"; };
		24A4D7901690F31F008B2237 /* SDL.framework */ = {isa = PBXFileReference; lastKnownFileType = wrapper.framework; name = SDL.framework; path = ../../../../../../Library/Frameworks/SDL.framework; sourceTree = "<group>"; };
		24A4D7981690FF5A008B2237 /* Background.png */ = {isa = PBXFileReference; lastKnownFileType = image.png; path = Background.png; sourceTree = "<group>"; };
		24A4D7991690FF5A008B2237 /* Paddle.png */ = {isa = PBXFileReference; lastKnownFileType = image.png; path = Paddle.png; sourceTree = "<group>"; };
		24A4D79F169109F8008B2237 /* Paddle.cpp */ = {isa = PBXFileReference; fileEncoding = 4; lastKnownFileType = sourcecode.cpp.cpp; path = Paddle.cpp; sourceTree = "<group>"; };
		24A4D7A0169109F8008B2237 /* Paddle.h */ = {isa = PBXFileReference; fileEncoding = 4; lastKnownFileType = sourcecode.c.h; path = Paddle.h; sourceTree = "<group>"; };
/* End PBXFileReference section */

/* Begin PBXFrameworksBuildPhase section */
		24A4D7611690F174008B2237 /* Frameworks */ = {
			isa = PBXFrameworksBuildPhase;
			buildActionMask = 2147483647;
			files = (
				2409FEAB16924ACF00071542 /* SDL_ttf.framework in Frameworks */,
				24A4D7911690F31F008B2237 /* SDL_image.framework in Frameworks */,
				24A4D7921690F31F008B2237 /* SDL.framework in Frameworks */,
				24A4D7691690F174008B2237 /* Cocoa.framework in Frameworks */,
			);
			runOnlyForDeploymentPostprocessing = 0;
		};
/* End PBXFrameworksBuildPhase section */

/* Begin PBXGroup section */
		24A4D7591690F174008B2237 = {
			isa = PBXGroup;
			children = (
				2409FEAA16924ACF00071542 /* SDL_ttf.framework */,
				24A4D78F1690F31F008B2237 /* SDL_image.framework */,
				24A4D7901690F31F008B2237 /* SDL.framework */,
				24A4D76E1690F174008B2237 /* Pong */,
				24A4D7671690F174008B2237 /* Frameworks */,
				24A4D7651690F174008B2237 /* Products */,
				246ABCD51694B4F3003595B7 /* Pong copy-Info.plist */,
			);
			sourceTree = "<group>";
		};
		24A4D7651690F174008B2237 /* Products */ = {
			isa = PBXGroup;
			children = (
				24A4D7641690F174008B2237 /* Pong.app */,
			);
			name = Products;
			sourceTree = "<group>";
		};
		24A4D7671690F174008B2237 /* Frameworks */ = {
			isa = PBXGroup;
			children = (
				24A4D7681690F174008B2237 /* Cocoa.framework */,
				24A4D76A1690F174008B2237 /* Other Frameworks */,
			);
			name = Frameworks;
			sourceTree = "<group>";
		};
		24A4D76A1690F174008B2237 /* Other Frameworks */ = {
			isa = PBXGroup;
			children = (
				24A4D76B1690F174008B2237 /* AppKit.framework */,
				24A4D76C1690F174008B2237 /* CoreData.framework */,
				24A4D76D1690F174008B2237 /* Foundation.framework */,
			);
			name = "Other Frameworks";
			sourceTree = "<group>";
		};
		24A4D76E1690F174008B2237 /* Pong */ = {
			isa = PBXGroup;
			children = (
				246949D4169DED1100140419 /* paddle_big.png */,
				2409FEA6169247BA00071542 /* arial.ttf */,
				2409FEA31691FE8700071542 /* Ball.png */,
				2409FE9416915DA200071542 /* Timer.cpp */,
				2409FE9516915DA200071542 /* Timer.h */,
				24A4D7981690FF5A008B2237 /* Background.png */,
				24A4D7991690FF5A008B2237 /* Paddle.png */,
				24A4D78C1690F200008B2237 /* main.cpp */,
				2409FEA01691FAFF00071542 /* Ball.cpp */,
				2409FEA11691FAFF00071542 /* Ball.h */,
				24A4D79F169109F8008B2237 /* Paddle.cpp */,
				24A4D7A0169109F8008B2237 /* Paddle.h */,
				24A4D78D1690F200008B2237 /* main.h */,
				24A4D76F1690F174008B2237 /* Supporting Files */,
			);
			path = Pong;
			sourceTree = "<group>";
		};
		24A4D76F1690F174008B2237 /* Supporting Files */ = {
			isa = PBXGroup;
			children = (
				24A4D7851690F1AF008B2237 /* SDLMain.h */,
				24A4D7861690F1AF008B2237 /* SDLMain.m */,
				24A4D7701690F174008B2237 /* Pong-Info.plist */,
				24A4D7711690F174008B2237 /* InfoPlist.strings */,
				24A4D7761690F174008B2237 /* Pong-Prefix.pch */,
				24A4D7771690F174008B2237 /* Credits.rtf */,
			);
			name = "Supporting Files";
			sourceTree = "<group>";
		};
/* End PBXGroup section */

/* Begin PBXNativeTarget section */
		24A4D7631690F174008B2237 /* Pong */ = {
			isa = PBXNativeTarget;
			buildConfigurationList = 24A4D7821690F174008B2237 /* Build configuration list for PBXNativeTarget "Pong" */;
			buildPhases = (
				24A4D7601690F174008B2237 /* Sources */,
				24A4D7611690F174008B2237 /* Frameworks */,
				24A4D7621690F174008B2237 /* Resources */,
				24A4D79C1690FF64008B2237 /* CopyFiles */,
				24A4D7931690F322008B2237 /* CopyFiles */,
			);
			buildRules = (
			);
			dependencies = (
			);
			name = Pong;
			productName = Pong;
			productReference = 24A4D7641690F174008B2237 /* Pong.app */;
			productType = "com.apple.product-type.application";
		};
/* End PBXNativeTarget section */

/* Begin PBXProject section */
		24A4D75B1690F174008B2237 /* Project object */ = {
			isa = PBXProject;
			attributes = {
				LastUpgradeCheck = 0450;
				ORGANIZATIONNAME = "Nik Klassen";
			};
			buildConfigurationList = 24A4D75E1690F174008B2237 /* Build configuration list for PBXProject "Pong" */;
			compatibilityVersion = "Xcode 3.2";
			developmentRegion = English;
			hasScannedForEncodings = 0;
			knownRegions = (
				en,
			);
			mainGroup = 24A4D7591690F174008B2237;
			productRefGroup = 24A4D7651690F174008B2237 /* Products */;
			projectDirPath = "";
			projectRoot = "";
			targets = (
				24A4D7631690F174008B2237 /* Pong */,
			);
		};
/* End PBXProject section */

/* Begin PBXResourcesBuildPhase section */
		24A4D7621690F174008B2237 /* Resources */ = {
			isa = PBXResourcesBuildPhase;
			buildActionMask = 2147483647;
			files = (
				24A4D7731690F174008B2237 /* InfoPlist.strings in Resources */,
				24A4D7791690F174008B2237 /* Credits.rtf in Resources */,
				24A4D79A1690FF5A008B2237 /* Background.png in Resources */,
				24A4D79B1690FF5A008B2237 /* Paddle.png in Resources */,
				2409FEA41691FE8700071542 /* Ball.png in Resources */,
				2409FEA7169247BA00071542 /* arial.ttf in Resources */,
				246949D5169DED1100140419 /* paddle_big.png in Resources */,
			);
			runOnlyForDeploymentPostprocessing = 0;
		};
/* End PBXResourcesBuildPhase section */

/* Begin PBXSourcesBuildPhase section */
		24A4D7601690F174008B2237 /* Sources */ = {
			isa = PBXSourcesBuildPhase;
			buildActionMask = 2147483647;
			files = (
				24A4D7871690F1AF008B2237 /* SDLMain.m in Sources */,
				24A4D78E1690F200008B2237 /* main.cpp in Sources */,
				24A4D7A1169109F8008B2237 /* Paddle.cpp in Sources */,
				2409FE9616915DA200071542 /* Timer.cpp in Sources */,
				2409FEA21691FAFF00071542 /* Ball.cpp in Sources */,
			);
			runOnlyForDeploymentPostprocessing = 0;
		};
/* End PBXSourcesBuildPhase section */

/* Begin PBXVariantGroup section */
		24A4D7711690F174008B2237 /* InfoPlist.strings */ = {
			isa = PBXVariantGroup;
			children = (
				24A4D7721690F174008B2237 /* en */,
			);
			name = InfoPlist.strings;
			sourceTree = "<group>";
		};
		24A4D7771690F174008B2237 /* Credits.rtf */ = {
			isa = PBXVariantGroup;
			children = (
				24A4D7781690F174008B2237 /* en */,
			);
			name = Credits.rtf;
			sourceTree = "<group>";
		};
/* End PBXVariantGroup section */

/* Begin XCBuildConfiguration section */
		24A4D7801690F174008B2237 /* Debug */ = {
			isa = XCBuildConfiguration;
			buildSettings = {
				ALWAYS_SEARCH_USER_PATHS = NO;
				ARCHS = "$(ARCHS_STANDARD_64_BIT)";
				CLANG_CXX_LANGUAGE_STANDARD = "gnu++0x";
				CLANG_CXX_LIBRARY = "libc++";
				CLANG_WARN_EMPTY_BODY = YES;
				CLANG_WARN__DUPLICATE_METHOD_MATCH = YES;
				COPY_PHASE_STRIP = NO;
				GCC_C_LANGUAGE_STANDARD = gnu99;
				GCC_DYNAMIC_NO_PIC = NO;
				GCC_ENABLE_OBJC_EXCEPTIONS = YES;
				GCC_OPTIMIZATION_LEVEL = 0;
				GCC_PREPROCESSOR_DEFINITIONS = (
					"DEBUG=1",
					"$(inherited)",
				);
				GCC_SYMBOLS_PRIVATE_EXTERN = NO;
				GCC_WARN_64_TO_32_BIT_CONVERSION = YES;
				GCC_WARN_ABOUT_RETURN_TYPE = YES;
				GCC_WARN_UNINITIALIZED_AUTOS = YES;
				GCC_WARN_UNUSED_VARIABLE = YES;
				MACOSX_DEPLOYMENT_TARGET = 10.8;
				ONLY_ACTIVE_ARCH = YES;
				SDKROOT = macosx;
			};
			name = Debug;
		};
		24A4D7811690F174008B2237 /* Release */ = {
			isa = XCBuildConfiguration;
			buildSettings = {
				ALWAYS_SEARCH_USER_PATHS = NO;
				ARCHS = "$(ARCHS_STANDARD_64_BIT)";
				CLANG_CXX_LANGUAGE_STANDARD = "gnu++0x";
				CLANG_CXX_LIBRARY = "libc++";
				CLANG_WARN_EMPTY_BODY = YES;
				CLANG_WARN__DUPLICATE_METHOD_MATCH = YES;
				COPY_PHASE_STRIP = YES;
				DEBUG_INFORMATION_FORMAT = "dwarf-with-dsym";
				GCC_C_LANGUAGE_STANDARD = gnu99;
				GCC_ENABLE_OBJC_EXCEPTIONS = YES;
				GCC_WARN_64_TO_32_BIT_CONVERSION = YES;
				GCC_WARN_ABOUT_RETURN_TYPE = YES;
				GCC_WARN_UNINITIALIZED_AUTOS = YES;
				GCC_WARN_UNUSED_VARIABLE = YES;
				MACOSX_DEPLOYMENT_TARGET = 10.8;
				SDKROOT = macosx;
			};
			name = Release;
		};
		24A4D7831690F174008B2237 /* Debug */ = {
			isa = XCBuildConfiguration;
			buildSettings = {
				COMBINE_HIDPI_IMAGES = YES;
				FRAMEWORK_SEARCH_PATHS = /Library/Frameworks/;
				GCC_PRECOMPILE_PREFIX_HEADER = YES;
				GCC_PREFIX_HEADER = "Pong/Pong-Prefix.pch";
				HEADER_SEARCH_PATHS = /Library/Frameworks/SDL.framework/Headers;
				INFOPLIST_FILE = "Pong/Pong-Info.plist";
				PRODUCT_NAME = "$(TARGET_NAME)";
				WRAPPER_EXTENSION = app;
			};
			name = Debug;
		};
		24A4D7841690F174008B2237 /* Release */ = {
			isa = XCBuildConfiguration;
			buildSettings = {
				COMBINE_HIDPI_IMAGES = YES;
				FRAMEWORK_SEARCH_PATHS = /Library/Frameworks/;
				GCC_PRECOMPILE_PREFIX_HEADER = YES;
				GCC_PREFIX_HEADER = "Pong/Pong-Prefix.pch";
				HEADER_SEARCH_PATHS = /Library/Frameworks/SDL.framework/Headers;
				INFOPLIST_FILE = "Pong/Pong-Info.plist";
				PRODUCT_NAME = "$(TARGET_NAME)";
				WRAPPER_EXTENSION = app;
			};
			name = Release;
		};
/* End XCBuildConfiguration section */

/* Begin XCConfigurationList section */
		24A4D75E1690F174008B2237 /* Build configuration list for PBXProject "Pong" */ = {
			isa = XCConfigurationList;
			buildConfigurations = (
				24A4D7801690F174008B2237 /* Debug */,
				24A4D7811690F174008B2237 /* Release */,
			);
			defaultConfigurationIsVisible = 0;
			defaultConfigurationName = Release;
		};
		24A4D7821690F174008B2237 /* Build configuration list for PBXNativeTarget "Pong" */ = {
			isa = XCConfigurationList;
			buildConfigurations = (
				24A4D7831690F174008B2237 /* Debug */,
				24A4D7841690F174008B2237 /* Release */,
			);
			defaultConfigurationIsVisible = 0;
			defaultConfigurationName = Release;
		};
/* End XCConfigurationList section */
	};
	rootObject = 24A4D75B1690F174008B2237 /* Project object */;
}
